%{
  "bunt": {:hex, :bunt, "0.2.0", "951c6e801e8b1d2cbe58ebbd3e616a869061ddadcc4863d0a2182541acae9a38", [:mix], [], "hexpm", "7af5c7e09fe1d40f76c8e4f9dd2be7cebd83909f31fee7cd0e9eadc567da8353"},
  "certifi": {:hex, :certifi, "2.17.0", "835748414307e15e05b17d0e518190228ce648b08d569a5cc93a85a40f3e5c9b", [:rebar3], [], "hexpm", "8122798a17f0293c80daada25d0f81c7f4d708c73fef782c7c9b1950e26e4d21"},
  "credo": {:hex, :credo, "0.6.0", "44a82f82b94eeb4ba6092c89b8a6730ca1a3291c7940739d5acc8806d25ac991", [:mix], [{:bunt, "~> 0.2.0", [hex: :bunt, repo: "hexpm", optional: false]}], "hexpm", "c271e2d8fc3d2678af97f7021842063c05211114ea6b9d87a49e30a2ded5e602"},
  "detergent": {:hex, :detergent, "0.3.0", "564792f4eec88d787628d115cef89d9f0e42eb7012c9313cb0dcda89696bb904", [:rebar], []},
  "detergentex": {:hex, :detergentex, "0.0.5", "e1ed3be3a09f96cc45d24fc8148c545af6d4ed3eb6d35466a9308f137ea8ebc0", [:mix], [{:detergent, "~> 0.3.0", [hex: :detergent, optional: false]}]},
  "earmark": {:hex, :earmark, "1.2.6", "b6da42b3831458d3ecc57314dff3051b080b9b2be88c2e5aa41cd642a5b044ed", [:mix], [], "hexpm", "b42a23e9bd92d65d16db2f75553982e58519054095356a418bb8320bbacb58b1"},
  "erlsom": {:git, "https://github.com/willemdj/erlsom.git", "57de181c2dcb2b5355b7419c86acd1b454c55d80", [tag: "v1.4.0"]},
  "ex_doc": {:hex, :ex_doc, "0.19.1", "519bb9c19526ca51d326c060cb1778d4a9056b190086a8c6c115828eaccea6cf", [:mix], [{:earmark, "~> 1.1", [hex: :earmark, repo: "hexpm", optional: false]}, {:makeup_elixir, "~> 0.7", [hex: :makeup_elixir, repo: "hexpm", optional: false]}], "hexpm", "dc87f778d8260da0189a622f62790f6202af72f2f3dee6e78d91a18dd2fcd137"},
  "exactor": {:hex, :exactor, "2.2.4", "5efb4ddeb2c48d9a1d7c9b465a6fffdd82300eb9618ece5d34c3334d5d7245b1", [:mix], [], "hexpm", "1222419f706e01bfa1095aec9acf6421367dcfab798a6f67c54cf784733cd6b5"},
  "excoveralls": {:hex, :excoveralls, "0.17.0", "279f124dba347903bb654bc40745c493ae265d45040001b4899ea1edf88078c7", [:mix], [{:castore, "~> 1.0", [hex: :castore, repo: "hexpm", optional: true]}, {:jason, "~> 1.0", [hex: :jason, repo: "hexpm", optional: false]}], "hexpm", "08b638d114387a888f9cb8d65f2a0021ec04c3e447b793efa7c1e734aba93004"},
  "exjsx": {:hex, :exjsx, "4.0.0", "60548841e0212df401e38e63c0078ec57b33e7ea49b032c796ccad8cde794b5c", [:mix], [{:jsx, "~> 2.8.0", [hex: :jsx, repo: "hexpm", optional: false]}], "hexpm", "32e95820a97cffea67830e91514a2ad53b888850442d6d395f53a1ac60c82e07"},
  "exvcr": {:git, "https://github.com/rindek/exvcr.git", "7e0bed61350a80dd1de0192496a4dd29c151db17", [ref: "master"]},
  "floki": {:hex, :floki, "0.36.2", "a7da0193538c93f937714a6704369711998a51a6164a222d710ebd54020aa7a3", [:mix], [], "hexpm", "a8766c0bc92f074e5cb36c4f9961982eda84c5d2b8e979ca67f5c268ec8ed580"},
  "h2": {:hex, :h2, "0.10.4", "31ef580056e19977b6542eea2718aa19a45841205cd82cd48535dd7683caea4c", [:rebar3], [], "hexpm", "8350920ac7c259fb759a2830d3ce0dd248c48422a031d1760bebdd2020fa30a9"},
  "hackney": {:hex, :hackney, "4.5.2", "d44b00b6e91ef8c480ec51ad42e9d8777a3a391ea78865cb16c5c0645399c6f5", [:rebar3], [{:certifi, "~> 2.17.0", [hex: :certifi, repo: "hexpm", optional: false]}, {:h2, "~> 0.10.4", [hex: :h2, repo: "hexpm", optional: false]}, {:idna, "~> 7.1.0", [hex: :idna, repo: "hexpm", optional: false]}, {:mimerl, "~> 1.4", [hex: :mimerl, repo: "hexpm", optional: false]}, {:parse_trans, "3.4.2", [hex: :parse_trans, repo: "hexpm", optional: false]}, {:quic, "~> 1.7.0", [hex: :quic, repo: "hexpm", optional: false]}, {:ssl_verify_fun, "~> 1.1.0", [hex: :ssl_verify_fun, repo: "hexpm", optional: false]}, {:webtransport, "~> 0.4.3", [hex: :webtransport, repo: "hexpm", optional: false]}], "hexpm", "5db2e2d7de05cafcd681e21120ae4c8b5a378ebeb9b8d8835f26f456a9a80f7a"},
  "httpoison": {:hex, :httpoison, "3.0.0", "8566a933bb9175236d1ec335978445b67cd1f5b5d3ead6ca4b80be469d41f5d9", [:mix], [{:hackney, "~> 4.0", [hex: :hackney, repo: "hexpm", optional: false]}], "hexpm", "9130197b7658901c493d6fcfb842fb9676300fa8a6c8ed058c8889cf1a77f3c2"},
  "httpotion": {:hex, :httpotion, "3.0.2", "525b9bfeb592c914a61a8ee31fdde3871e1861dfe805f8ee5f711f9f11a93483", [:mix], [{:ibrowse, "~> 4.2", [hex: :ibrowse, optional: false]}]},
  "ibrowse": {:hex, :ibrowse, "4.2.2", "b32b5bafcc77b7277eff030ed32e1acc3f610c64e9f6aea19822abcadf681b4b", [:rebar3], []},
  "idna": {:hex, :idna, "7.1.0", "1067a13043538129602d2f2ce6899d8713125c7d19734aa557ce2e3ea55bd4f1", [:rebar3], [], "hexpm", "6ae959a025bf36df61a8cab8508d9654891b5426a84c44d82deaffd6ddf8c71f"},
  "jason": {:hex, :jason, "1.4.1", "af1504e35f629ddcdd6addb3513c3853991f694921b1b9368b0bd32beb9f1b63", [:mix], [{:decimal, "~> 1.0 or ~> 2.0", [hex: :decimal, repo: "hexpm", optional: true]}], "hexpm", "fbb01ecdfd565b56261302f7e1fcc27c4fb8f32d56eab74db621fc154604a7a1"},
  "jsx": {:hex, :jsx, "2.8.3", "a05252d381885240744d955fbe3cf810504eb2567164824e19303ea59eef62cf", [:mix, :rebar3], [], "hexpm", "fc3499fed7a726995aa659143a248534adc754ebd16ccd437cd93b649a95091f"},
  "makeup": {:hex, :makeup, "0.5.1", "966c5c2296da272d42f1de178c1d135e432662eca795d6dc12e5e8787514edf7", [:mix], [{:nimble_parsec, "~> 0.2.2", [hex: :nimble_parsec, repo: "hexpm", optional: false]}], "hexpm", "259748a45dfcf5f49765a7c29c9594791c82de23e22d7a3e6e59533fe8e8935b"},
  "makeup_elixir": {:hex, :makeup_elixir, "0.8.0", "1204a2f5b4f181775a0e456154830524cf2207cf4f9112215c05e0b76e4eca8b", [:mix], [{:makeup, "~> 0.5.0", [hex: :makeup, repo: "hexpm", optional: false]}, {:nimble_parsec, "~> 0.2.2", [hex: :nimble_parsec, repo: "hexpm", optional: false]}], "hexpm", "393d17c5a648e3b30522b2a4743bd1dc3533e1227c8c2823ebe8c3a8e5be5913"},
  "meck": {:hex, :meck, "1.2.0", "c3618447506589a2931be80d006ea883aff156dd56e8822f7c1bb49896e94edb", [:rebar3], [], "hexpm", "a2cfd08306ef4992db7cd2aa3521b797456abec9f562f3f0341633052dee4af9"},
  "metrics": {:hex, :metrics, "1.0.1", "25f094dea2cda98213cecc3aeff09e940299d950904393b2a29d191c346a8486", [:rebar3], [], "hexpm", "69b09adddc4f74a40716ae54d140f93beb0fb8978d8636eaded0c31b6f099f16"},
  "mimerl": {:hex, :mimerl, "1.5.0", "f35aca6f23242339b3666e0ac0702379e362b469d0aea167f6cc713547e777ed", [:rebar3], [], "hexpm", "db648ce065bae14ea84ca8b5dd123f42f49417cef693541110bf6f9e9be9ecc4"},
  "mochiweb": {:hex, :mochiweb, "2.15.0", "e1daac474df07651e5d17cc1e642c4069c7850dc4508d3db7263a0651330aacc", [:rebar3], [], "hexpm", "b960d1cbcf40a30963eeee90ab7aeae074cbfa9a238561fb4434add1afc3075c"},
  "nimble_parsec": {:hex, :nimble_parsec, "0.2.2", "d526b23bdceb04c7ad15b33c57c4526bf5f50aaa70c7c141b4b4624555c68259", [:mix], [], "hexpm", "4ababf5c44164f161872704e1cfbecab3935fdebec66c72905abaad0e6e5cef6"},
  "parse_trans": {:hex, :parse_trans, "3.4.2", "c352ddc1a0d5e54f9b1654d45f9c432eef76f9cea371c55ddff769ef688fdb74", [:rebar3], [], "hexpm", "4c25347de3b7c35732d32e69ab43d1ceee0beae3f3b3ade1b59cbd3dd224d9ca"},
  "quic": {:hex, :quic, "1.7.0", "ebcf105fb16ca4d954c3bbd2e5bcda7650074f3e3a9ca80135dbee2607e0c27e", [:rebar3], [], "hexpm", "d0d304e5fda48754a570b90b103153f780f9926c15f6eabfe1b343e4f61e32df"},
  "soap": {:git, "https://github.com/bet365/soap.git", "856b5c418d8d40a6b5bcbbe3fd390c6a0b8d4f18", []},
  "ssl_verify_fun": {:hex, :ssl_verify_fun, "1.1.7", "354c321cf377240c7b8716899e182ce4890c5938111a1296add3ec74cf1715df", [:make, :mix, :rebar3], [], "hexpm", "fe4c190e8f37401d30167c8c405eda19469f34577987c76dde613e838bbc67f8"},
  "unicode_util_compat": {:hex, :unicode_util_compat, "0.7.0", "bc84380c9ab48177092f43ac89e4dfa2c6d62b40b8bd132b1059ecc7232f9a78", [:rebar3], [], "hexpm", "25eee6d67df61960cf6a794239566599b09e17e668d3700247bc498638152521"},
  "webtransport": {:hex, :webtransport, "0.4.3", "df0c53da138cdc5f3390a31ef612caa3a041c23e18c1a0b6fbd4d72743277806", [:rebar3], [{:h2, "~> 0.10.4", [hex: :h2, repo: "hexpm", optional: false]}, {:quic, "~> 1.7.0", [hex: :quic, repo: "hexpm", optional: false]}], "hexpm", "3ae8c76696cdb56bee3caf1dd853a0a596339886468ca17c578a9bfd647dab9d"},
}
